
Microsoft Visual Studio Solution File, Format Version 12.00
# Visual Studio Version 16
VisualStudioVersion = 16.0.29424.173
MinimumVisualStudioVersion = 10.0.40219.1
Project("{FAE04EC0-301F-11D3-BF4B-00C04F79EFBC}") = "AlertsApplication", "AlertsApplication\AlertsApplication.csproj", "{6D197A67-DBF4-4235-8AC4-94C037F804B7}"
EndProject
Global
	GlobalSection(SolutionConfigurationPlatforms) = preSolution
		Debug|Any CPU = Debug|Any CPU
		Release|Any CPU = Release|Any CPU
	EndGlobalSection
	GlobalSection(ProjectConfigurationPlatforms) = postSolution
		{6D197A67-DBF4-4235-8AC4-94C037F804B7}.Debug|Any CPU.ActiveCfg = Debug|Any CPU
		{6D197A67-DBF4-4235-8AC4-94C037F804B7}.Debug|Any CPU.Build.0 = Debug|Any CPU
		{6D197A67-DBF4-4235-8AC4-94C037F804B7}.Release|Any CPU.ActiveCfg = Release|Any CPU
		{6D197A67-DBF4-4235-8AC4-94C037F804B7}.Release|Any CPU.Build.0 = Release|Any CPU
	EndGlobalSection
	GlobalSection(SolutionProperties) = preSolution
		HideSolutionNode = FALSE
	EndGlobalSection
	GlobalSection(ExtensibilityGlobals) = postSolution
		SolutionGuid = {78C82B9E-7674-4271-B755-5BE184CB0C4C}
	EndGlobalSection
EndGlobal
